
Microsoft Visual Studio Solution File, Format Version 12.00
# Visual Studio Version 16
VisualStudioVersion = 16.0.31911.196
MinimumVisualStudioVersion = 10.0.40219.1
Project("{FAE04EC0-301F-11D3-BF4B-00C04F79EFBC}") = "webproje2021", "webproje2021\webproje2021.csproj", "{195B7457-507A-40AD-AC56-1C2E597CEAAE}"
EndProject
Global
	GlobalSection(SolutionConfigurationPlatforms) = preSolution
		Debug|Any CPU = Debug|Any CPU
		Release|Any CPU = Release|Any CPU
	EndGlobalSection
	GlobalSection(ProjectConfigurationPlatforms) = postSolution
		{195B7457-507A-40AD-AC56-1C2E597CEAAE}.Debug|Any CPU.ActiveCfg = Debug|Any CPU
		{195B7457-507A-40AD-AC56-1C2E597CEAAE}.Debug|Any CPU.Build.0 = Debug|Any CPU
		{195B7457-507A-40AD-AC56-1C2E597CEAAE}.Release|Any CPU.ActiveCfg = Release|Any CPU
		{195B7457-507A-40AD-AC56-1C2E597CEAAE}.Release|Any CPU.Build.0 = Release|Any CPU
	EndGlobalSection
	GlobalSection(SolutionProperties) = preSolution
		HideSolutionNode = FALSE
	EndGlobalSection
	GlobalSection(ExtensibilityGlobals) = postSolution
		SolutionGuid = {61FCDE7F-8D01-4B1D-869F-71046CBE8F6A}
	EndGlobalSection
EndGlobal
